
Microsoft Visual Studio Solution File, Format Version 12.00
# Visual Studio Version 16
VisualStudioVersion = 16.0.30523.141
MinimumVisualStudioVersion = 10.0.40219.1
Project("{9A19103F-16F7-4668-BE54-9A1E7A4F7556}") = "Prueba_practica_2", "Prueba_practica_2\Prueba_practica_2.csproj", "{491B2336-76F4-4539-AA36-C9D4E0F0A0F7}"
EndProject
Global
	GlobalSection(SolutionConfigurationPlatforms) = preSolution
		Debug|Any CPU = Debug|Any CPU
		Release|Any CPU = Release|Any CPU
	EndGlobalSection
	GlobalSection(ProjectConfigurationPlatforms) = postSolution
		{491B2336-76F4-4539-AA36-C9D4E0F0A0F7}.Debug|Any CPU.ActiveCfg = Debug|Any CPU
		{491B2336-76F4-4539-AA36-C9D4E0F0A0F7}.Debug|Any CPU.Build.0 = Debug|Any CPU
		{491B2336-76F4-4539-AA36-C9D4E0F0A0F7}.Release|Any CPU.ActiveCfg = Release|Any CPU
		{491B2336-76F4-4539-AA36-C9D4E0F0A0F7}.Release|Any CPU.Build.0 = Release|Any CPU
	EndGlobalSection
	GlobalSection(SolutionProperties) = preSolution
		HideSolutionNode = FALSE
	EndGlobalSection
	GlobalSection(ExtensibilityGlobals) = postSolution
		SolutionGuid = {82641215-3FF8-4D3D-BB98-B6C2031CBBDB}
	EndGlobalSection
EndGlobal
